# THIS IS AN AUTOGENERATED FILE. DO NOT EDIT THIS FILE DIRECTLY.
# yarn lockfile v1


"@servicebell/widget@^0.1.1":
  version "0.1.1"
  resolved "https://registry.yarnpkg.com/@servicebell/widget/-/widget-0.1.1.tgz#90cb74f8bec087a690fec9de62276acaa4018e70"
  integrity sha512-y+1Ri19sYiW76Q2iAxU//dSA7WOrDGE8xAdNzq20Aw7vpqc/yPi37YiDaRaomG0AROl2OM2XF9lSV+jSuD8LZQ==
